{
  "version": 4,
  "terraform_version": "1.9.5",
  "serial": 5,
  "lineage": "6c3974ee-af9d-5a8a-61d7-695f2f6a4733",
  "outputs": {},
  "resources": [
    {
      "mode": "managed",
      "type": "local_file",
      "name": "dog",
      "provider": "provider[\"registry.terraform.io/hashicorp/local\"]",
      "instances": [
        {
          "schema_version": 0,
          "attributes": {
            "content": "i love you na",
            "content_base64": null,
            "content_base64sha256": "gzgARjg5bAyCshwLif6EWe1hoFV+WIDlUgss+r6pvfI=",
            "content_base64sha512": "lj8hFNjTqGEINlO6lWShAUKpzPX+q9lJKU8U4H6WxXizyk+DE7ZmMJkoAqXL/jRo8eQrstOKMAjxNvU65FTdtg==",
            "content_md5": "769e5cbf9fe760d432a1ede7b0c39d63",
            "content_sha1": "b9f721d34b80c3a34ac02ba789596dbe15cacde6",
            "content_sha256": "8338004638396c0c82b21c0b89fe8459ed61a0557e5880e5520b2cfabea9bdf2",
            "content_sha512": "963f2114d8d3a861083653ba9564a10142a9ccf5feabd949294f14e07e96c578b3ca4f8313b66630992802a5cbfe3468f1e42bb2d38a3008f136f53ae454ddb6",
            "directory_permission": "0777",
            "file_permission": "0777",
            "filename": "test/dog.txt",
            "id": "b9f721d34b80c3a34ac02ba789596dbe15cacde6",
            "sensitive_content": null,
            "source": null
          },
          "sensitive_attributes": [
            [
              {
                "type": "get_attr",
                "value": "sensitive_content"
              }
            ]
          ]
        }
      ]
    },
    {
      "mode": "managed",
      "type": "local_file",
      "name": "pet",
      "provider": "provider[\"registry.terraform.io/hashicorp/local\"]",
      "instances": [
        {
          "schema_version": 0,
          "attributes": {
            "content": "i love you na kub",
            "content_base64": null,
            "content_base64sha256": "sAyq5FmMTXP+Z7ILGW2dFvONgnUl+lDwHBok69ylHLE=",
            "content_base64sha512": "djdR5a3MCFgpaZGtTEIfRrAzfSbd9vKFrTCEttZbKbggJ/i1bxXyJhEhcSuu28BhDcjVfYfIxCSahAUp4N1pyg==",
            "content_md5": "bcbcf0b55ac79c15bfd1ee95b40fe8d6",
            "content_sha1": "dc220765f61cecccbea7e04d0409b4d261293948",
            "content_sha256": "b00caae4598c4d73fe67b20b196d9d16f38d827525fa50f01c1a24ebdca51cb1",
            "content_sha512": "763751e5adcc0858296991ad4c421f46b0337d26ddf6f285ad3084b6d65b29b82027f8b56f15f2261121712baedbc0610dc8d57d87c8c4249a840529e0dd69ca",
            "directory_permission": "0777",
            "file_permission": "0777",
            "filename": "test/local.txt",
            "id": "dc220765f61cecccbea7e04d0409b4d261293948",
            "sensitive_content": null,
            "source": null
          },
          "sensitive_attributes": [
            [
              {
                "type": "get_attr",
                "value": "sensitive_content"
              }
            ]
          ]
        }
      ]
    }
  ],
  "check_results": null
}
